{
  "name": "l-ramda-ts",
  "version": "1.0.0",
  "lockfileVersion": 1,
  "requires": true,
  "dependencies": {
    "@types/ramda": {
      "version": "0.26.21",
      "resolved": "https://registry.npmjs.org/@types/ramda/-/ramda-0.26.21.tgz",
      "integrity": "sha512-zMYtIZMceA6BvH+or6LmewLBgojbXg5+FGCwjO8K+Z+d/ZWxILmhhASXkehW0PqJL+V0QbyDeeAHix0dvEKXfQ==",
      "dev": true,
      "requires": {
        "ts-toolbelt": "^3.8.4"
      }
    },
    "ramda": {
      "version": "0.26.1",
      "resolved": "https://registry.npmjs.org/ramda/-/ramda-0.26.1.tgz",
      "integrity": "sha512-hLWjpy7EnsDBb0p+Z3B7rPi3GDeRG5ZtiI33kJhTt+ORCd38AbAIjB/9zRIUoeTbE/AVX5ZkU7m6bznsvrf8eQ=="
    },
    "ts-toolbelt": {
      "version": "3.8.91",
      "resolved": "https://registry.npmjs.org/ts-toolbelt/-/ts-toolbelt-3.8.91.tgz",
      "integrity": "sha512-HVY9kFtQCtAfuHPf8XK9BWzwUueGtviZ5i/x6hu9uMIy+PWqlwjD1eqRTBaCewOclR5w07j1bgaT7cWNWrJgZw==",
      "dev": true
    },
    "typescript": {
      "version": "3.6.3",
      "resolved": "https://registry.npmjs.org/typescript/-/typescript-3.6.3.tgz",
      "integrity": "sha512-N7bceJL1CtRQ2RiG0AQME13ksR7DiuQh/QehubYcghzv20tnh+MQnQIuJddTmsbqYj+dztchykemz0zFzlvdQw==",
      "dev": true
    }
  }
}
